
Microsoft Visual Studio Solution File, Format Version 11.00
# Visual Studio 2010
Project("{8BC9CEB8-8B4A-11D0-8D11-00A0C91BC942}") = "Vowel Detection", "Vowel Detection\Vowel Detection.vcxproj", "{D750F127-371D-4784-BA2F-DA295A74EA66}"
EndProject
Global
	GlobalSection(SolutionConfigurationPlatforms) = preSolution
		Debug|Win32 = Debug|Win32
		Release|Win32 = Release|Win32
	EndGlobalSection
	GlobalSection(ProjectConfigurationPlatforms) = postSolution
		{D750F127-371D-4784-BA2F-DA295A74EA66}.Debug|Win32.ActiveCfg = Debug|Win32
		{D750F127-371D-4784-BA2F-DA295A74EA66}.Debug|Win32.Build.0 = Debug|Win32
		{D750F127-371D-4784-BA2F-DA295A74EA66}.Release|Win32.ActiveCfg = Release|Win32
		{D750F127-371D-4784-BA2F-DA295A74EA66}.Release|Win32.Build.0 = Release|Win32
	EndGlobalSection
	GlobalSection(SolutionProperties) = preSolution
		HideSolutionNode = FALSE
	EndGlobalSection
EndGlobal
